// !$*UTF8*$!
{
	archiveVersion = 1;
	classes = {
	};
	objectVersion = 46;
	objects = {

/* Begin PBXBuildFile section */
		AD1D69621DBF79C40009D97A /* main.m in Sources */ = {isa = PBXBuildFile; fileRef = AD1D69611DBF79C40009D97A /* main.m */; };
		AD1D69651DBF79C40009D97A /* AppDelegate.m in Sources */ = {isa = PBXBuildFile; fileRef = AD1D69641DBF79C40009D97A /* AppDelegate.m */; };
		AD1D69681DBF79C40009D97A /* ViewController.m in Sources */ = {isa = PBXBuildFile; fileRef = AD1D69671DBF79C40009D97A /* ViewController.m */; };
		AD1D696B1DBF79C40009D97A /* Main.storyboard in Resources */ = {isa = PBXBuildFile; fileRef = AD1D69691DBF79C40009D97A /* Main.storyboard */; };
		AD1D696D1DBF79C40009D97A /* Assets.xcassets in Resources */ = {isa = PBXBuildFile; fileRef = AD1D696C1DBF79C40009D97A /* Assets.xcassets */; };
		AD1D69701DBF79C40009D97A /* LaunchScreen.storyboard in Resources */ = {isa = PBXBuildFile; fileRef = AD1D696E1DBF79C40009D97A /* LaunchScreen.storyboard */; };
		AD1D697B1DBF7B210009D97A /* ThunderMap.m in Sources */ = {isa = PBXBuildFile; fileRef = AD1D697A1DBF7B210009D97A /* ThunderMap.m */; };
/* End PBXBuildFile section */

/* Begin PBXFileReference section */
		AD1D695D1DBF79C40009D97A /* Thunder.app */ = {isa = PBXFileReference; explicitFileType = wrapper.application; includeInIndex = 0; path = Thunder.app; sourceTree = BUILT_PRODUCTS_DIR; };
		AD1D69611DBF79C40009D97A /* main.m */ = {isa = PBXFileReference; lastKnownFileType = sourcecode.c.objc; path = main.m; sourceTree = "<group>"; };
		AD1D69631DBF79C40009D97A /* AppDelegate.h */ = {isa = PBXFileReference; lastKnownFileType = sourcecode.c.h; path = AppDelegate.h; sourceTree = "<group>"; };
		AD1D69641DBF79C40009D97A /* AppDelegate.m */ = {isa = PBXFileReference; lastKnownFileType = sourcecode.c.objc; path = AppDelegate.m; sourceTree = "<group>"; };
		AD1D69661DBF79C40009D97A /* ViewController.h */ = {isa = PBXFileReference; lastKnownFileType = sourcecode.c.h; path = ViewController.h; sourceTree = "<group>"; };
		AD1D69671DBF79C40009D97A /* ViewController.m */ = {isa = PBXFileReference; lastKnownFileType = sourcecode.c.objc; path = ViewController.m; sourceTree = "<group>"; };
		AD1D696A1DBF79C40009D97A /* Base */ = {isa = PBXFileReference; lastKnownFileType = file.storyboard; name = Base; path = Base.lproj/Main.storyboard; sourceTree = "<group>"; };
		AD1D696C1DBF79C40009D97A /* Assets.xcassets */ = {isa = PBXFileReference; lastKnownFileType = folder.assetcatalog; path = Assets.xcassets; sourceTree = "<group>"; };
		AD1D696F1DBF79C40009D97A /* Base */ = {isa = PBXFileReference; lastKnownFileType = file.storyboard; name = Base; path = Base.lproj/LaunchScreen.storyboard; sourceTree = "<group>"; };
		AD1D69711DBF79C40009D97A /* Info.plist */ = {isa = PBXFileReference; lastKnownFileType = text.plist.xml; path = Info.plist; sourceTree = "<group>"; };
		AD1D69771DBF7A310009D97A /* Macro.h */ = {isa = PBXFileReference; lastKnownFileType = sourcecode.c.h; path = Macro.h; sourceTree = "<group>"; };
		AD1D69781DBF7A670009D97A /* PrefixHeader.pch */ = {isa = PBXFileReference; lastKnownFileType = sourcecode.c.h; path = PrefixHeader.pch; sourceTree = "<group>"; };
		AD1D69791DBF7B210009D97A /* ThunderMap.h */ = {isa = PBXFileReference; fileEncoding = 4; lastKnownFileType = sourcecode.c.h; path = ThunderMap.h; sourceTree = "<group>"; };
		AD1D697A1DBF7B210009D97A /* ThunderMap.m */ = {isa = PBXFileReference; fileEncoding = 4; lastKnownFileType = sourcecode.c.objc; path = ThunderMap.m; sourceTree = "<group>"; };
/* End PBXFileReference section */

/* Begin PBXFrameworksBuildPhase section */
		AD1D695A1DBF79C40009D97A /* Frameworks */ = {
			isa = PBXFrameworksBuildPhase;
			buildActionMask = 2147483647;
			files = (
			);
			runOnlyForDeploymentPostprocessing = 0;
		};
/* End PBXFrameworksBuildPhase section */

/* Begin PBXGroup section */
		AD1D69541DBF79C40009D97A = {
			isa = PBXGroup;
			children = (
				AD1D695F1DBF79C40009D97A /* Thunder */,
				AD1D695E1DBF79C40009D97A /* Products */,
			);
			sourceTree = "<group>";
		};
		AD1D695E1DBF79C40009D97A /* Products */ = {
			isa = PBXGroup;
			children = (
				AD1D695D1DBF79C40009D97A /* Thunder.app */,
			);
			name = Products;
			sourceTree = "<group>";
		};
		AD1D695F1DBF79C40009D97A /* Thunder */ = {
			isa = PBXGroup;
			children = (
				AD1D69771DBF7A310009D97A /* Macro.h */,
				AD1D69781DBF7A670009D97A /* PrefixHeader.pch */,
				AD1D69791DBF7B210009D97A /* ThunderMap.h */,
				AD1D697A1DBF7B210009D97A /* ThunderMap.m */,
				AD1D69631DBF79C40009D97A /* AppDelegate.h */,
				AD1D69641DBF79C40009D97A /* AppDelegate.m */,
				AD1D69661DBF79C40009D97A /* ViewController.h */,
				AD1D69671DBF79C40009D97A /* ViewController.m */,
				AD1D69691DBF79C40009D97A /* Main.storyboard */,
				AD1D696C1DBF79C40009D97A /* Assets.xcassets */,
				AD1D696E1DBF79C40009D97A /* LaunchScreen.storyboard */,
				AD1D69711DBF79C40009D97A /* Info.plist */,
				AD1D69601DBF79C40009D97A /* Supporting Files */,
			);
			path = Thunder;
			sourceTree = "<group>";
		};
		AD1D69601DBF79C40009D97A /* Supporting Files */ = {
			isa = PBXGroup;
			children = (
				AD1D69611DBF79C40009D97A /* main.m */,
			);
			name = "Supporting Files";
			sourceTree = "<group>";
		};
/* End PBXGroup section */

/* Begin PBXNativeTarget section */
		AD1D695C1DBF79C40009D97A /* Thunder */ = {
			isa = PBXNativeTarget;
			buildConfigurationList = AD1D69741DBF79C40009D97A /* Build configuration list for PBXNativeTarget "Thunder" */;
			buildPhases = (
				AD1D69591DBF79C40009D97A /* Sources */,
				AD1D695A1DBF79C40009D97A /* Frameworks */,
				AD1D695B1DBF79C40009D97A /* Resources */,
			);
			buildRules = (
			);
			dependencies = (
			);
			name = Thunder;
			productName = Thunder;
			productReference = AD1D695D1DBF79C40009D97A /* Thunder.app */;
			productType = "com.apple.product-type.application";
		};
/* End PBXNativeTarget section */

/* Begin PBXProject section */
		AD1D69551DBF79C40009D97A /* Project object */ = {
			isa = PBXProject;
			attributes = {
				LastUpgradeCheck = 0800;
				ORGANIZATIONNAME = "翁志方";
				TargetAttributes = {
					AD1D695C1DBF79C40009D97A = {
						CreatedOnToolsVersion = 8.0;
						ProvisioningStyle = Automatic;
					};
				};
			};
			buildConfigurationList = AD1D69581DBF79C40009D97A /* Build configuration list for PBXProject "Thunder" */;
			compatibilityVersion = "Xcode 3.2";
			developmentRegion = English;
			hasScannedForEncodings = 0;
			knownRegions = (
				en,
				Base,
			);
			mainGroup = AD1D69541DBF79C40009D97A;
			productRefGroup = AD1D695E1DBF79C40009D97A /* Products */;
			projectDirPath = "";
			projectRoot = "";
			targets = (
				AD1D695C1DBF79C40009D97A /* Thunder */,
			);
		};
/* End PBXProject section */

/* Begin PBXResourcesBuildPhase section */
		AD1D695B1DBF79C40009D97A /* Resources */ = {
			isa = PBXResourcesBuildPhase;
			buildActionMask = 2147483647;
			files = (
				AD1D69701DBF79C40009D97A /* LaunchScreen.storyboard in Resources */,
				AD1D696D1DBF79C40009D97A /* Assets.xcassets in Resources */,
				AD1D696B1DBF79C40009D97A /* Main.storyboard in Resources */,
			);
			runOnlyForDeploymentPostprocessing = 0;
		};
/* End PBXResourcesBuildPhase section */

/* Begin PBXSourcesBuildPhase section */
		AD1D69591DBF79C40009D97A /* Sources */ = {
			isa = PBXSourcesBuildPhase;
			buildActionMask = 2147483647;
			files = (
				AD1D69681DBF79C40009D97A /* ViewController.m in Sources */,
				AD1D69651DBF79C40009D97A /* AppDelegate.m in Sources */,
				AD1D69621DBF79C40009D97A /* main.m in Sources */,
				AD1D697B1DBF7B210009D97A /* ThunderMap.m in Sources */,
			);
			runOnlyForDeploymentPostprocessing = 0;
		};
/* End PBXSourcesBuildPhase section */

/* Begin PBXVariantGroup section */
		AD1D69691DBF79C40009D97A /* Main.storyboard */ = {
			isa = PBXVariantGroup;
			children = (
				AD1D696A1DBF79C40009D97A /* Base */,
			);
			name = Main.storyboard;
			sourceTree = "<group>";
		};
		AD1D696E1DBF79C40009D97A /* LaunchScreen.storyboard */ = {
			isa = PBXVariantGroup;
			children = (
				AD1D696F1DBF79C40009D97A /* Base */,
			);
			name = LaunchScreen.storyboard;
			sourceTree = "<group>";
		};
/* End PBXVariantGroup section */

/* Begin XCBuildConfiguration section */
		AD1D69721DBF79C40009D97A /* Debug */ = {
			isa = XCBuildConfiguration;
			buildSettings = {
				ALWAYS_SEARCH_USER_PATHS = NO;
				CLANG_ANALYZER_NONNULL = YES;
				CLANG_CXX_LANGUAGE_STANDARD = "gnu++0x";
				CLANG_CXX_LIBRARY = "libc++";
				CLANG_ENABLE_MODULES = YES;
				CLANG_ENABLE_OBJC_ARC = YES;
				CLANG_WARN_BOOL_CONVERSION = YES;
				CLANG_WARN_CONSTANT_CONVERSION = YES;
				CLANG_WARN_DIRECT_OBJC_ISA_USAGE = YES_ERROR;
				CLANG_WARN_DOCUMENTATION_COMMENTS = YES;
				CLANG_WARN_EMPTY_BODY = YES;
				CLANG_WARN_ENUM_CONVERSION = YES;
				CLANG_WARN_INFINITE_RECURSION = YES;
				CLANG_WARN_INT_CONVERSION = YES;
				CLANG_WARN_OBJC_ROOT_CLASS = YES_ERROR;
				CLANG_WARN_SUSPICIOUS_MOVES = YES;
				CLANG_WARN_UNREACHABLE_CODE = YES;
				CLANG_WARN__DUPLICATE_METHOD_MATCH = YES;
				"CODE_SIGN_IDENTITY[sdk=iphoneos*]" = "iPhone Developer";
				COPY_PHASE_STRIP = NO;
				DEBUG_INFORMATION_FORMAT = dwarf;
				ENABLE_STRICT_OBJC_MSGSEND = YES;
				ENABLE_TESTABILITY = YES;
				GCC_C_LANGUAGE_STANDARD = gnu99;
				GCC_DYNAMIC_NO_PIC = NO;
				GCC_NO_COMMON_BLOCKS = YES;
				GCC_OPTIMIZATION_LEVEL = 0;
				GCC_PREPROCESSOR_DEFINITIONS = (
					"DEBUG=1",
					"$(inherited)",
				);
				GCC_WARN_64_TO_32_BIT_CONVERSION = YES;
				GCC_WARN_ABOUT_RETURN_TYPE = YES_ERROR;
				GCC_WARN_UNDECLARED_SELECTOR = YES;
				GCC_WARN_UNINITIALIZED_AUTOS = YES_AGGRESSIVE;
				GCC_WARN_UNUSED_FUNCTION = YES;
				GCC_WARN_UNUSED_VARIABLE = YES;
				IPHONEOS_DEPLOYMENT_TARGET = 10.0;
				MTL_ENABLE_DEBUG_INFO = YES;
				ONLY_ACTIVE_ARCH = YES;
				SDKROOT = iphoneos;
			};
			name = Debug;
		};
		AD1D69731DBF79C40009D97A /* Release */ = {
			isa = XCBuildConfiguration;
			buildSettings = {
				ALWAYS_SEARCH_USER_PATHS = NO;
				CLANG_ANALYZER_NONNULL = YES;
				CLANG_CXX_LANGUAGE_STANDARD = "gnu++0x";
				CLANG_CXX_LIBRARY = "libc++";
				CLANG_ENABLE_MODULES = YES;
				CLANG_ENABLE_OBJC_ARC = YES;
				CLANG_WARN_BOOL_CONVERSION = YES;
				CLANG_WARN_CONSTANT_CONVERSION = YES;
				CLANG_WARN_DIRECT_OBJC_ISA_USAGE = YES_ERROR;
				CLANG_WARN_DOCUMENTATION_COMMENTS = YES;
				CLANG_WARN_EMPTY_BODY = YES;
				CLANG_WARN_ENUM_CONVERSION = YES;
				CLANG_WARN_INFINITE_RECURSION = YES;
				CLANG_WARN_INT_CONVERSION = YES;
				CLANG_WARN_OBJC_ROOT_CLASS = YES_ERROR;
				CLANG_WARN_SUSPICIOUS_MOVES = YES;
				CLANG_WARN_UNREACHABLE_CODE = YES;
				CLANG_WARN__DUPLICATE_METHOD_MATCH = YES;
				"CODE_SIGN_IDENTITY[sdk=iphoneos*]" = "iPhone Developer";
				COPY_PHASE_STRIP = NO;
				DEBUG_INFORMATION_FORMAT = "dwarf-with-dsym";
				ENABLE_NS_ASSERTIONS = NO;
				ENABLE_STRICT_OBJC_MSGSEND = YES;
				GCC_C_LANGUAGE_STANDARD = gnu99;
				GCC_NO_COMMON_BLOCKS = YES;
				GCC_WARN_64_TO_32_BIT_CONVERSION = YES;
				GCC_WARN_ABOUT_RETURN_TYPE = YES_ERROR;
				GCC_WARN_UNDECLARED_SELECTOR = YES;
				GCC_WARN_UNINITIALIZED_AUTOS = YES_AGGRESSIVE;
				GCC_WARN_UNUSED_FUNCTION = YES;
				GCC_WARN_UNUSED_VARIABLE = YES;
				IPHONEOS_DEPLOYMENT_TARGET = 10.0;
				MTL_ENABLE_DEBUG_INFO = NO;
				SDKROOT = iphoneos;
				VALIDATE_PRODUCT = YES;
			};
			name = Release;
		};
		AD1D69751DBF79C40009D97A /* Debug */ = {
			isa = XCBuildConfiguration;
			buildSettings = {
				ASSETCATALOG_COMPILER_APPICON_NAME = AppIcon;
				GCC_PREFIX_HEADER = "$(SRCROOT)/Thunder/PrefixHeader.pch";
				INFOPLIST_FILE = Thunder/Info.plist;
				LD_RUNPATH_SEARCH_PATHS = "$(inherited) @executable_path/Frameworks";
				PRODUCT_BUNDLE_IDENTIFIER = com.Thunder;
				PRODUCT_NAME = "$(TARGET_NAME)";
			};
			name = Debug;
		};
		AD1D69761DBF79C40009D97A /* Release */ = {
			isa = XCBuildConfiguration;
			buildSettings = {
				ASSETCATALOG_COMPILER_APPICON_NAME = AppIcon;
				GCC_PREFIX_HEADER = "$(SRCROOT)/Thunder/PrefixHeader.pch";
				INFOPLIST_FILE = Thunder/Info.plist;
				LD_RUNPATH_SEARCH_PATHS = "$(inherited) @executable_path/Frameworks";
				PRODUCT_BUNDLE_IDENTIFIER = com.Thunder;
				PRODUCT_NAME = "$(TARGET_NAME)";
			};
			name = Release;
		};
/* End XCBuildConfiguration section */

/* Begin XCConfigurationList section */
		AD1D69581DBF79C40009D97A /* Build configuration list for PBXProject "Thunder" */ = {
			isa = XCConfigurationList;
			buildConfigurations = (
				AD1D69721DBF79C40009D97A /* Debug */,
				AD1D69731DBF79C40009D97A /* Release */,
			);
			defaultConfigurationIsVisible = 0;
			defaultConfigurationName = Release;
		};
		AD1D69741DBF79C40009D97A /* Build configuration list for PBXNativeTarget "Thunder" */ = {
			isa = XCConfigurationList;
			buildConfigurations = (
				AD1D69751DBF79C40009D97A /* Debug */,
				AD1D69761DBF79C40009D97A /* Release */,
			);
			defaultConfigurationIsVisible = 0;
			defaultConfigurationName = Release;
		};
/* End XCConfigurationList section */
	};
	rootObject = AD1D69551DBF79C40009D97A /* Project object */;
}
