// !$*UTF8*$!
{
	archiveVersion = 1;
	classes = {
	};
	objectVersion = 46;
	objects = {

/* Begin PBXBuildFile section */
		AD1D693F1DBF79A40009D97A /* main.m in Sources */ = {isa = PBXBuildFile; fileRef = AD1D693E1DBF79A40009D97A /* main.m */; };
		AD1D69421DBF79A40009D97A /* AppDelegate.m in Sources */ = {isa = PBXBuildFile; fileRef = AD1D69411DBF79A40009D97A /* AppDelegate.m */; };
		AD1D69451DBF79A40009D97A /* ViewController.m in Sources */ = {isa = PBXBuildFile; fileRef = AD1D69441DBF79A40009D97A /* ViewController.m */; };
		AD1D69481DBF79A40009D97A /* Main.storyboard in Resources */ = {isa = PBXBuildFile; fileRef = AD1D69461DBF79A40009D97A /* Main.storyboard */; };
		AD1D694A1DBF79A40009D97A /* Assets.xcassets in Resources */ = {isa = PBXBuildFile; fileRef = AD1D69491DBF79A40009D97A /* Assets.xcassets */; };
		AD1D694D1DBF79A40009D97A /* LaunchScreen.storyboard in Resources */ = {isa = PBXBuildFile; fileRef = AD1D694B1DBF79A40009D97A /* LaunchScreen.storyboard */; };
/* End PBXBuildFile section */

/* Begin PBXFileReference section */
		AD1D693A1DBF79A40009D97A /* 扫雷.app */ = {isa = PBXFileReference; explicitFileType = wrapper.application; includeInIndex = 0; path = "扫雷.app"; sourceTree = BUILT_PRODUCTS_DIR; };
		AD1D693E1DBF79A40009D97A /* main.m */ = {isa = PBXFileReference; lastKnownFileType = sourcecode.c.objc; path = main.m; sourceTree = "<group>"; };
		AD1D69401DBF79A40009D97A /* AppDelegate.h */ = {isa = PBXFileReference; lastKnownFileType = sourcecode.c.h; path = AppDelegate.h; sourceTree = "<group>"; };
		AD1D69411DBF79A40009D97A /* AppDelegate.m */ = {isa = PBXFileReference; lastKnownFileType = sourcecode.c.objc; path = AppDelegate.m; sourceTree = "<group>"; };
		AD1D69431DBF79A40009D97A /* ViewController.h */ = {isa = PBXFileReference; lastKnownFileType = sourcecode.c.h; path = ViewController.h; sourceTree = "<group>"; };
		AD1D69441DBF79A40009D97A /* ViewController.m */ = {isa = PBXFileReference; lastKnownFileType = sourcecode.c.objc; path = ViewController.m; sourceTree = "<group>"; };
		AD1D69471DBF79A40009D97A /* Base */ = {isa = PBXFileReference; lastKnownFileType = file.storyboard; name = Base; path = Base.lproj/Main.storyboard; sourceTree = "<group>"; };
		AD1D69491DBF79A40009D97A /* Assets.xcassets */ = {isa = PBXFileReference; lastKnownFileType = folder.assetcatalog; path = Assets.xcassets; sourceTree = "<group>"; };
		AD1D694C1DBF79A40009D97A /* Base */ = {isa = PBXFileReference; lastKnownFileType = file.storyboard; name = Base; path = Base.lproj/LaunchScreen.storyboard; sourceTree = "<group>"; };
		AD1D694E1DBF79A40009D97A /* Info.plist */ = {isa = PBXFileReference; lastKnownFileType = text.plist.xml; path = Info.plist; sourceTree = "<group>"; };
/* End PBXFileReference section */

/* Begin PBXFrameworksBuildPhase section */
		AD1D69371DBF79A40009D97A /* Frameworks */ = {
			isa = PBXFrameworksBuildPhase;
			buildActionMask = 2147483647;
			files = (
			);
			runOnlyForDeploymentPostprocessing = 0;
		};
/* End PBXFrameworksBuildPhase section */

/* Begin PBXGroup section */
		AD1D69311DBF79A40009D97A = {
			isa = PBXGroup;
			children = (
				AD1D693C1DBF79A40009D97A /* 扫雷 */,
				AD1D693B1DBF79A40009D97A /* Products */,
			);
			sourceTree = "<group>";
		};
		AD1D693B1DBF79A40009D97A /* Products */ = {
			isa = PBXGroup;
			children = (
				AD1D693A1DBF79A40009D97A /* 扫雷.app */,
			);
			name = Products;
			sourceTree = "<group>";
		};
		AD1D693C1DBF79A40009D97A /* 扫雷 */ = {
			isa = PBXGroup;
			children = (
				AD1D69401DBF79A40009D97A /* AppDelegate.h */,
				AD1D69411DBF79A40009D97A /* AppDelegate.m */,
				AD1D69431DBF79A40009D97A /* ViewController.h */,
				AD1D69441DBF79A40009D97A /* ViewController.m */,
				AD1D69461DBF79A40009D97A /* Main.storyboard */,
				AD1D69491DBF79A40009D97A /* Assets.xcassets */,
				AD1D694B1DBF79A40009D97A /* LaunchScreen.storyboard */,
				AD1D694E1DBF79A40009D97A /* Info.plist */,
				AD1D693D1DBF79A40009D97A /* Supporting Files */,
			);
			path = "扫雷";
			sourceTree = "<group>";
		};
		AD1D693D1DBF79A40009D97A /* Supporting Files */ = {
			isa = PBXGroup;
			children = (
				AD1D693E1DBF79A40009D97A /* main.m */,
			);
			name = "Supporting Files";
			sourceTree = "<group>";
		};
/* End PBXGroup section */

/* Begin PBXNativeTarget section */
		AD1D69391DBF79A40009D97A /* 扫雷 */ = {
			isa = PBXNativeTarget;
			buildConfigurationList = AD1D69511DBF79A40009D97A /* Build configuration list for PBXNativeTarget "扫雷" */;
			buildPhases = (
				AD1D69361DBF79A40009D97A /* Sources */,
				AD1D69371DBF79A40009D97A /* Frameworks */,
				AD1D69381DBF79A40009D97A /* Resources */,
			);
			buildRules = (
			);
			dependencies = (
			);
			name = "扫雷";
			productName = "扫雷";
			productReference = AD1D693A1DBF79A40009D97A /* 扫雷.app */;
			productType = "com.apple.product-type.application";
		};
/* End PBXNativeTarget section */

/* Begin PBXProject section */
		AD1D69321DBF79A40009D97A /* Project object */ = {
			isa = PBXProject;
			attributes = {
				LastUpgradeCheck = 0800;
				ORGANIZATIONNAME = "翁志方";
				TargetAttributes = {
					AD1D69391DBF79A40009D97A = {
						CreatedOnToolsVersion = 8.0;
						ProvisioningStyle = Automatic;
					};
				};
			};
			buildConfigurationList = AD1D69351DBF79A40009D97A /* Build configuration list for PBXProject "扫雷" */;
			compatibilityVersion = "Xcode 3.2";
			developmentRegion = English;
			hasScannedForEncodings = 0;
			knownRegions = (
				en,
				Base,
			);
			mainGroup = AD1D69311DBF79A40009D97A;
			productRefGroup = AD1D693B1DBF79A40009D97A /* Products */;
			projectDirPath = "";
			projectRoot = "";
			targets = (
				AD1D69391DBF79A40009D97A /* 扫雷 */,
			);
		};
/* End PBXProject section */

/* Begin PBXResourcesBuildPhase section */
		AD1D69381DBF79A40009D97A /* Resources */ = {
			isa = PBXResourcesBuildPhase;
			buildActionMask = 2147483647;
			files = (
				AD1D694D1DBF79A40009D97A /* LaunchScreen.storyboard in Resources */,
				AD1D694A1DBF79A40009D97A /* Assets.xcassets in Resources */,
				AD1D69481DBF79A40009D97A /* Main.storyboard in Resources */,
			);
			runOnlyForDeploymentPostprocessing = 0;
		};
/* End PBXResourcesBuildPhase section */

/* Begin PBXSourcesBuildPhase section */
		AD1D69361DBF79A40009D97A /* Sources */ = {
			isa = PBXSourcesBuildPhase;
			buildActionMask = 2147483647;
			files = (
				AD1D69451DBF79A40009D97A /* ViewController.m in Sources */,
				AD1D69421DBF79A40009D97A /* AppDelegate.m in Sources */,
				AD1D693F1DBF79A40009D97A /* main.m in Sources */,
			);
			runOnlyForDeploymentPostprocessing = 0;
		};
/* End PBXSourcesBuildPhase section */

/* Begin PBXVariantGroup section */
		AD1D69461DBF79A40009D97A /* Main.storyboard */ = {
			isa = PBXVariantGroup;
			children = (
				AD1D69471DBF79A40009D97A /* Base */,
			);
			name = Main.storyboard;
			sourceTree = "<group>";
		};
		AD1D694B1DBF79A40009D97A /* LaunchScreen.storyboard */ = {
			isa = PBXVariantGroup;
			children = (
				AD1D694C1DBF79A40009D97A /* Base */,
			);
			name = LaunchScreen.storyboard;
			sourceTree = "<group>";
		};
/* End PBXVariantGroup section */

/* Begin XCBuildConfiguration section */
		AD1D694F1DBF79A40009D97A /* Debug */ = {
			isa = XCBuildConfiguration;
			buildSettings = {
				ALWAYS_SEARCH_USER_PATHS = NO;
				CLANG_ANALYZER_NONNULL = YES;
				CLANG_CXX_LANGUAGE_STANDARD = "gnu++0x";
				CLANG_CXX_LIBRARY = "libc++";
				CLANG_ENABLE_MODULES = YES;
				CLANG_ENABLE_OBJC_ARC = YES;
				CLANG_WARN_BOOL_CONVERSION = YES;
				CLANG_WARN_CONSTANT_CONVERSION = YES;
				CLANG_WARN_DIRECT_OBJC_ISA_USAGE = YES_ERROR;
				CLANG_WARN_DOCUMENTATION_COMMENTS = YES;
				CLANG_WARN_EMPTY_BODY = YES;
				CLANG_WARN_ENUM_CONVERSION = YES;
				CLANG_WARN_INFINITE_RECURSION = YES;
				CLANG_WARN_INT_CONVERSION = YES;
				CLANG_WARN_OBJC_ROOT_CLASS = YES_ERROR;
				CLANG_WARN_SUSPICIOUS_MOVES = YES;
				CLANG_WARN_UNREACHABLE_CODE = YES;
				CLANG_WARN__DUPLICATE_METHOD_MATCH = YES;
				"CODE_SIGN_IDENTITY[sdk=iphoneos*]" = "iPhone Developer";
				COPY_PHASE_STRIP = NO;
				DEBUG_INFORMATION_FORMAT = dwarf;
				ENABLE_STRICT_OBJC_MSGSEND = YES;
				ENABLE_TESTABILITY = YES;
				GCC_C_LANGUAGE_STANDARD = gnu99;
				GCC_DYNAMIC_NO_PIC = NO;
				GCC_NO_COMMON_BLOCKS = YES;
				GCC_OPTIMIZATION_LEVEL = 0;
				GCC_PREPROCESSOR_DEFINITIONS = (
					"DEBUG=1",
					"$(inherited)",
				);
				GCC_WARN_64_TO_32_BIT_CONVERSION = YES;
				GCC_WARN_ABOUT_RETURN_TYPE = YES_ERROR;
				GCC_WARN_UNDECLARED_SELECTOR = YES;
				GCC_WARN_UNINITIALIZED_AUTOS = YES_AGGRESSIVE;
				GCC_WARN_UNUSED_FUNCTION = YES;
				GCC_WARN_UNUSED_VARIABLE = YES;
				IPHONEOS_DEPLOYMENT_TARGET = 10.0;
				MTL_ENABLE_DEBUG_INFO = YES;
				ONLY_ACTIVE_ARCH = YES;
				SDKROOT = iphoneos;
			};
			name = Debug;
		};
		AD1D69501DBF79A40009D97A /* Release */ = {
			isa = XCBuildConfiguration;
			buildSettings = {
				ALWAYS_SEARCH_USER_PATHS = NO;
				CLANG_ANALYZER_NONNULL = YES;
				CLANG_CXX_LANGUAGE_STANDARD = "gnu++0x";
				CLANG_CXX_LIBRARY = "libc++";
				CLANG_ENABLE_MODULES = YES;
				CLANG_ENABLE_OBJC_ARC = YES;
				CLANG_WARN_BOOL_CONVERSION = YES;
				CLANG_WARN_CONSTANT_CONVERSION = YES;
				CLANG_WARN_DIRECT_OBJC_ISA_USAGE = YES_ERROR;
				CLANG_WARN_DOCUMENTATION_COMMENTS = YES;
				CLANG_WARN_EMPTY_BODY = YES;
				CLANG_WARN_ENUM_CONVERSION = YES;
				CLANG_WARN_INFINITE_RECURSION = YES;
				CLANG_WARN_INT_CONVERSION = YES;
				CLANG_WARN_OBJC_ROOT_CLASS = YES_ERROR;
				CLANG_WARN_SUSPICIOUS_MOVES = YES;
				CLANG_WARN_UNREACHABLE_CODE = YES;
				CLANG_WARN__DUPLICATE_METHOD_MATCH = YES;
				"CODE_SIGN_IDENTITY[sdk=iphoneos*]" = "iPhone Developer";
				COPY_PHASE_STRIP = NO;
				DEBUG_INFORMATION_FORMAT = "dwarf-with-dsym";
				ENABLE_NS_ASSERTIONS = NO;
				ENABLE_STRICT_OBJC_MSGSEND = YES;
				GCC_C_LANGUAGE_STANDARD = gnu99;
				GCC_NO_COMMON_BLOCKS = YES;
				GCC_WARN_64_TO_32_BIT_CONVERSION = YES;
				GCC_WARN_ABOUT_RETURN_TYPE = YES_ERROR;
				GCC_WARN_UNDECLARED_SELECTOR = YES;
				GCC_WARN_UNINITIALIZED_AUTOS = YES_AGGRESSIVE;
				GCC_WARN_UNUSED_FUNCTION = YES;
				GCC_WARN_UNUSED_VARIABLE = YES;
				IPHONEOS_DEPLOYMENT_TARGET = 10.0;
				MTL_ENABLE_DEBUG_INFO = NO;
				SDKROOT = iphoneos;
				VALIDATE_PRODUCT = YES;
			};
			name = Release;
		};
		AD1D69521DBF79A40009D97A /* Debug */ = {
			isa = XCBuildConfiguration;
			buildSettings = {
				ASSETCATALOG_COMPILER_APPICON_NAME = AppIcon;
				INFOPLIST_FILE = "扫雷/Info.plist";
				LD_RUNPATH_SEARCH_PATHS = "$(inherited) @executable_path/Frameworks";
				PRODUCT_BUNDLE_IDENTIFIER = "com.--";
				PRODUCT_NAME = "$(TARGET_NAME)";
			};
			name = Debug;
		};
		AD1D69531DBF79A40009D97A /* Release */ = {
			isa = XCBuildConfiguration;
			buildSettings = {
				ASSETCATALOG_COMPILER_APPICON_NAME = AppIcon;
				INFOPLIST_FILE = "扫雷/Info.plist";
				LD_RUNPATH_SEARCH_PATHS = "$(inherited) @executable_path/Frameworks";
				PRODUCT_BUNDLE_IDENTIFIER = "com.--";
				PRODUCT_NAME = "$(TARGET_NAME)";
			};
			name = Release;
		};
/* End XCBuildConfiguration section */

/* Begin XCConfigurationList section */
		AD1D69351DBF79A40009D97A /* Build configuration list for PBXProject "扫雷" */ = {
			isa = XCConfigurationList;
			buildConfigurations = (
				AD1D694F1DBF79A40009D97A /* Debug */,
				AD1D69501DBF79A40009D97A /* Release */,
			);
			defaultConfigurationIsVisible = 0;
			defaultConfigurationName = Release;
		};
		AD1D69511DBF79A40009D97A /* Build configuration list for PBXNativeTarget "扫雷" */ = {
			isa = XCConfigurationList;
			buildConfigurations = (
				AD1D69521DBF79A40009D97A /* Debug */,
				AD1D69531DBF79A40009D97A /* Release */,
			);
			defaultConfigurationIsVisible = 0;
		};
/* End XCConfigurationList section */
	};
	rootObject = AD1D69321DBF79A40009D97A /* Project object */;
}
